
Microsoft Visual Studio Solution File, Format Version 12.00
# Visual Studio Version 17
VisualStudioVersion = 17.5.33502.453
MinimumVisualStudioVersion = 10.0.40219.1
Project("{FAE04EC0-301F-11D3-BF4B-00C04F79EFBC}") = "pr4-1", "ConsoleApp3\pr4-1.csproj", "{76527EE5-57B6-4E98-827A-9DD64C9FE20D}"
EndProject
Project("{FAE04EC0-301F-11D3-BF4B-00C04F79EFBC}") = "pr4-2", "ConsoleApp1\pr4-2.csproj", "{EA474959-F044-402D-945C-1042C5CED9A7}"
EndProject
Project("{FAE04EC0-301F-11D3-BF4B-00C04F79EFBC}") = "pr4-3", "ConsoleApp2\pr4-3.csproj", "{6371502C-5559-4CEC-8E0E-1A3E5FDABFE7}"
EndProject
Global
	GlobalSection(SolutionConfigurationPlatforms) = preSolution
		Debug|Any CPU = Debug|Any CPU
		Release|Any CPU = Release|Any CPU
	EndGlobalSection
	GlobalSection(ProjectConfigurationPlatforms) = postSolution
		{76527EE5-57B6-4E98-827A-9DD64C9FE20D}.Debug|Any CPU.ActiveCfg = Debug|Any CPU
		{76527EE5-57B6-4E98-827A-9DD64C9FE20D}.Debug|Any CPU.Build.0 = Debug|Any CPU
		{76527EE5-57B6-4E98-827A-9DD64C9FE20D}.Release|Any CPU.ActiveCfg = Release|Any CPU
		{76527EE5-57B6-4E98-827A-9DD64C9FE20D}.Release|Any CPU.Build.0 = Release|Any CPU
		{EA474959-F044-402D-945C-1042C5CED9A7}.Debug|Any CPU.ActiveCfg = Debug|Any CPU
		{EA474959-F044-402D-945C-1042C5CED9A7}.Debug|Any CPU.Build.0 = Debug|Any CPU
		{EA474959-F044-402D-945C-1042C5CED9A7}.Release|Any CPU.ActiveCfg = Release|Any CPU
		{EA474959-F044-402D-945C-1042C5CED9A7}.Release|Any CPU.Build.0 = Release|Any CPU
		{6371502C-5559-4CEC-8E0E-1A3E5FDABFE7}.Debug|Any CPU.ActiveCfg = Debug|Any CPU
		{6371502C-5559-4CEC-8E0E-1A3E5FDABFE7}.Debug|Any CPU.Build.0 = Debug|Any CPU
		{6371502C-5559-4CEC-8E0E-1A3E5FDABFE7}.Release|Any CPU.ActiveCfg = Release|Any CPU
		{6371502C-5559-4CEC-8E0E-1A3E5FDABFE7}.Release|Any CPU.Build.0 = Release|Any CPU
	EndGlobalSection
	GlobalSection(SolutionProperties) = preSolution
		HideSolutionNode = FALSE
	EndGlobalSection
	GlobalSection(ExtensibilityGlobals) = postSolution
		SolutionGuid = {2C566C9E-1DB1-4FFB-B165-7EB45D52CAB9}
	EndGlobalSection
EndGlobal
